
Microsoft Visual Studio Solution File, Format Version 12.00
# Visual Studio Version 17
VisualStudioVersion = 17.11.35327.3
MinimumVisualStudioVersion = 10.0.40219.1
Project("{9A19103F-16F7-4668-BE54-9A1E7A4F7556}") = "Domain", "Domain\Domain.csproj", "{46E7E05C-43DB-43A0-8780-064459C86666}"
EndProject
Project("{FAE04EC0-301F-11D3-BF4B-00C04F79EFBC}") = "API", "API\API.csproj", "{B6EC5873-E734-4514-96B5-924944E3E2DB}"
EndProject
Project("{FAE04EC0-301F-11D3-BF4B-00C04F79EFBC}") = "Application", "Application\Application.csproj", "{C03D13CB-4AD9-4CE4-8156-FA8927C409D0}"
EndProject
Project("{FAE04EC0-301F-11D3-BF4B-00C04F79EFBC}") = "Persistence", "Persistence\Persistence.csproj", "{ACF2DD02-FDB9-432C-8FEA-EC2219A2881B}"
EndProject
Project("{2150E333-8FDC-42A3-9474-1A3956D46DE8}") = "Solution Items", "Solution Items", "{6614E435-57FC-41E7-9261-6B9DB0353B48}"
	ProjectSection(SolutionItems) = preProject
		MOTES.md = MOTES.md
	EndProjectSection
EndProject
Global
	GlobalSection(SolutionConfigurationPlatforms) = preSolution
		Debug|Any CPU = Debug|Any CPU
		Release|Any CPU = Release|Any CPU
	EndGlobalSection
	GlobalSection(ProjectConfigurationPlatforms) = postSolution
		{46E7E05C-43DB-43A0-8780-064459C86666}.Debug|Any CPU.ActiveCfg = Debug|Any CPU
		{46E7E05C-43DB-43A0-8780-064459C86666}.Debug|Any CPU.Build.0 = Debug|Any CPU
		{46E7E05C-43DB-43A0-8780-064459C86666}.Release|Any CPU.ActiveCfg = Release|Any CPU
		{46E7E05C-43DB-43A0-8780-064459C86666}.Release|Any CPU.Build.0 = Release|Any CPU
		{B6EC5873-E734-4514-96B5-924944E3E2DB}.Debug|Any CPU.ActiveCfg = Debug|Any CPU
		{B6EC5873-E734-4514-96B5-924944E3E2DB}.Debug|Any CPU.Build.0 = Debug|Any CPU
		{B6EC5873-E734-4514-96B5-924944E3E2DB}.Release|Any CPU.ActiveCfg = Release|Any CPU
		{B6EC5873-E734-4514-96B5-924944E3E2DB}.Release|Any CPU.Build.0 = Release|Any CPU
		{C03D13CB-4AD9-4CE4-8156-FA8927C409D0}.Debug|Any CPU.ActiveCfg = Debug|Any CPU
		{C03D13CB-4AD9-4CE4-8156-FA8927C409D0}.Debug|Any CPU.Build.0 = Debug|Any CPU
		{C03D13CB-4AD9-4CE4-8156-FA8927C409D0}.Release|Any CPU.ActiveCfg = Release|Any CPU
		{C03D13CB-4AD9-4CE4-8156-FA8927C409D0}.Release|Any CPU.Build.0 = Release|Any CPU
		{ACF2DD02-FDB9-432C-8FEA-EC2219A2881B}.Debug|Any CPU.ActiveCfg = Debug|Any CPU
		{ACF2DD02-FDB9-432C-8FEA-EC2219A2881B}.Debug|Any CPU.Build.0 = Debug|Any CPU
		{ACF2DD02-FDB9-432C-8FEA-EC2219A2881B}.Release|Any CPU.ActiveCfg = Release|Any CPU
		{ACF2DD02-FDB9-432C-8FEA-EC2219A2881B}.Release|Any CPU.Build.0 = Release|Any CPU
	EndGlobalSection
	GlobalSection(SolutionProperties) = preSolution
		HideSolutionNode = FALSE
	EndGlobalSection
	GlobalSection(ExtensibilityGlobals) = postSolution
		SolutionGuid = {445A8FCE-E3CD-4E19-988D-EF7B3C514551}
	EndGlobalSection
EndGlobal
